
Microsoft Visual Studio Solution File, Format Version 12.00
Project("{FAE04EC0-301F-11D3-BF4B-00C04F79EFBC}") = "KonataUniSDK.CSharp", "KonataUniSDK.CSharp\KonataUniSDK.CSharp.csproj", "{4551500B-3176-481B-BB92-098EA590D1A1}"
EndProject
Project("{FAE04EC0-301F-11D3-BF4B-00C04F79EFBC}") = "MyExtensionExample", "MyExtensionExample\MyExtensionExample.csproj", "{EB502A18-CAEA-492C-9CA7-17CBF4797C88}"
EndProject
Global
	GlobalSection(SolutionConfigurationPlatforms) = preSolution
		Debug|Any CPU = Debug|Any CPU
		Release|Any CPU = Release|Any CPU
	EndGlobalSection
	GlobalSection(ProjectConfigurationPlatforms) = postSolution
		{4551500B-3176-481B-BB92-098EA590D1A1}.Release|Any CPU.ActiveCfg = Release|Any CPU
		{4551500B-3176-481B-BB92-098EA590D1A1}.Release|Any CPU.Build.0 = Release|Any CPU
		{4551500B-3176-481B-BB92-098EA590D1A1}.Debug|Any CPU.ActiveCfg = Release|Any CPU
		{4551500B-3176-481B-BB92-098EA590D1A1}.Debug|Any CPU.Build.0 = Release|Any CPU
		{EB502A18-CAEA-492C-9CA7-17CBF4797C88}.Debug|Any CPU.ActiveCfg = Debug|Any CPU
		{EB502A18-CAEA-492C-9CA7-17CBF4797C88}.Debug|Any CPU.Build.0 = Debug|Any CPU
		{EB502A18-CAEA-492C-9CA7-17CBF4797C88}.Release|Any CPU.ActiveCfg = Release|Any CPU
		{EB502A18-CAEA-492C-9CA7-17CBF4797C88}.Release|Any CPU.Build.0 = Release|Any CPU
	EndGlobalSection
EndGlobal
